{
  "name": "async-series-each",
  "version": "1.0.0",
  "lockfileVersion": 1,
  "requires": true,
  "dependencies": {
    "new-promiseify": {
      "version": "1.0.1",
      "resolved": "https://registry.npmjs.org/new-promiseify/-/new-promiseify-1.0.1.tgz",
      "integrity": "sha512-YA4nclsVEYMoplRTOkSbcx8QkMViEUI6Psz9PcO22QjiTgJ7dA5x1JYUJnb35OEgSVTJKQDa07adAjVySLXPcQ==",
      "dev": true
    }
  }
}
